github.com/kibab/goserial v1.0.0 h1:A6/19RWVZ+xxeLzFDWN3W/C9pdIEYOlAPPXWq0itNzY=
github.com/kibab/goserial v1.0.0/go.mod h1:W5FUjDBl3XLCI5JV+UXopWhMCgh7IxBRFVfD1xUagxQ=
golang.org/x/sys v0.12.0 h1:CM0HF96J0hcLAwsHPJZjfdNzs0gftsLfgKt57wWHJ0o=
golang.org/x/sys v0.12.0/go.mod h1:oPkhp1MJrh7nUepCBck5+mAzfO9JrbApNNgaTdGDITg=
